Microsoft Visual Studio Solution File, Format Version 11.00
# Visual Studio 2008

Project("{8E35B4B6-3827-64A9-7A34-CA5830AE8A20}") = "iProfiler", "Assembly-CSharp.csproj", "{AB431CC8-04BA-6A42-8EFA-DE386578D403}"
EndProject
Project("{8E35B4B6-3827-64A9-7A34-CA5830AE8A20}") = "iProfiler", "Assembly-CSharp-Editor.csproj", "{7B139F74-6922-F868-AD97-7A2723F813E3}"
EndProject
Global
	GlobalSection(SolutionConfigurationPlatforms) = preSolution
		Debug|Any CPU = Debug|Any CPU
		Release|Any CPU = Release|Any CPU
	EndGlobalSection
	GlobalSection(ProjectConfigurationPlatforms) = postSolution
		{AB431CC8-04BA-6A42-8EFA-DE386578D403}.Debug|Any CPU.ActiveCfg = Debug|Any CPU
		{AB431CC8-04BA-6A42-8EFA-DE386578D403}.Debug|Any CPU.Build.0 = Debug|Any CPU
		{AB431CC8-04BA-6A42-8EFA-DE386578D403}.Release|Any CPU.ActiveCfg = Release|Any CPU
		{AB431CC8-04BA-6A42-8EFA-DE386578D403}.Release|Any CPU.Build.0 = Release|Any CPU
		{7B139F74-6922-F868-AD97-7A2723F813E3}.Debug|Any CPU.ActiveCfg = Debug|Any CPU
		{7B139F74-6922-F868-AD97-7A2723F813E3}.Debug|Any CPU.Build.0 = Debug|Any CPU
		{7B139F74-6922-F868-AD97-7A2723F813E3}.Release|Any CPU.ActiveCfg = Release|Any CPU
		{7B139F74-6922-F868-AD97-7A2723F813E3}.Release|Any CPU.Build.0 = Release|Any CPU
	EndGlobalSection
	GlobalSection(SolutionProperties) = preSolution
		HideSolutionNode = FALSE
	EndGlobalSection
	GlobalSection(MonoDevelopProperties) = preSolution
		StartupItem = Assembly-CSharp.csproj
	EndGlobalSection
EndGlobal
